Microsoft Visual Studio Solution File, Format Version 7.00
Project("{FAE04EC0-301F-11D3-BF4B-00C04F79EFBC}") = "WindowsApplication1", "WindowsApplication1.csproj", "{FD526BE1-DEA5-4415-B2E8-3581B04C0ECC}"
EndProject
Global
	GlobalSection(SolutionConfiguration) = preSolution
		ConfigName.0 = Debug
		ConfigName.1 = Release
	EndGlobalSection
	GlobalSection(ProjectDependencies) = postSolution
	EndGlobalSection
	GlobalSection(ProjectConfiguration) = postSolution
		{FD526BE1-DEA5-4415-B2E8-3581B04C0ECC}.Debug.ActiveCfg = Debug|.NET
		{FD526BE1-DEA5-4415-B2E8-3581B04C0ECC}.Debug.Build.0 = Debug|.NET
		{FD526BE1-DEA5-4415-B2E8-3581B04C0ECC}.Release.ActiveCfg = Release|.NET
		{FD526BE1-DEA5-4415-B2E8-3581B04C0ECC}.Release.Build.0 = Release|.NET
	EndGlobalSection
	GlobalSection(ExtensibilityGlobals) = postSolution
	EndGlobalSection
	GlobalSection(ExtensibilityAddIns) = postSolution
	EndGlobalSection
EndGlobal
